// !$*UTF8*$!
{
	archiveVersion = 1;
	classes = {
	};
	objectVersion = 55;
	objects = {

/* Begin PBXBuildFile section */
		892E96EC2793844200D29BC6 /* AppDelegate.swift in Sources */ = {isa = PBXBuildFile; fileRef = 892E96EB2793844200D29BC6 /* AppDelegate.swift */; };
		892E96F02793844200D29BC6 /* ViewController.swift in Sources */ = {isa = PBXBuildFile; fileRef = 892E96EF2793844200D29BC6 /* ViewController.swift */; };
		892E96F52793844400D29BC6 /* Assets.xcassets in Resources */ = {isa = PBXBuildFile; fileRef = 892E96F42793844400D29BC6 /* Assets.xcassets */; };
		892E96F82793844400D29BC6 /* LaunchScreen.storyboard in Resources */ = {isa = PBXBuildFile; fileRef = 892E96F62793844400D29BC6 /* LaunchScreen.storyboard */; };
		8984F3AD2795AF790026719B /* DemoViewController.swift in Sources */ = {isa = PBXBuildFile; fileRef = 8984F3AC2795AF790026719B /* DemoViewController.swift */; };
		8984F3AF2795B32A0026719B /* OnboardingViewController.swift in Sources */ = {isa = PBXBuildFile; fileRef = 8984F3AE2795B32A0026719B /* OnboardingViewController.swift */; };
		8984F3B12795B4100026719B /* LoginViewController.swift in Sources */ = {isa = PBXBuildFile; fileRef = 8984F3B02795B4100026719B /* LoginViewController.swift */; };
		89F771AE27942E0900B20151 /* ViewController1.swift in Sources */ = {isa = PBXBuildFile; fileRef = 89F771AD27942E0900B20151 /* ViewController1.swift */; };
		89F771B027942E1600B20151 /* ViewController2.swift in Sources */ = {isa = PBXBuildFile; fileRef = 89F771AF27942E1600B20151 /* ViewController2.swift */; };
		89F771B227942E2000B20151 /* ViewController3.swift in Sources */ = {isa = PBXBuildFile; fileRef = 89F771B127942E2000B20151 /* ViewController3.swift */; };
/* End PBXBuildFile section */

/* Begin PBXFileReference section */
		892E96E82793844200D29BC6 /* Page.app */ = {isa = PBXFileReference; explicitFileType = wrapper.application; includeInIndex = 0; path = Page.app; sourceTree = BUILT_PRODUCTS_DIR; };
		892E96EB2793844200D29BC6 /* AppDelegate.swift */ = {isa = PBXFileReference; lastKnownFileType = sourcecode.swift; path = AppDelegate.swift; sourceTree = "<group>"; };
		892E96EF2793844200D29BC6 /* ViewController.swift */ = {isa = PBXFileReference; lastKnownFileType = sourcecode.swift; path = ViewController.swift; sourceTree = "<group>"; };
		892E96F42793844400D29BC6 /* Assets.xcassets */ = {isa = PBXFileReference; lastKnownFileType = folder.assetcatalog; path = Assets.xcassets; sourceTree = "<group>"; };
		892E96F72793844400D29BC6 /* Base */ = {isa = PBXFileReference; lastKnownFileType = file.storyboard; name = Base; path = Base.lproj/LaunchScreen.storyboard; sourceTree = "<group>"; };
		892E96F92793844400D29BC6 /* Info.plist */ = {isa = PBXFileReference; lastKnownFileType = text.plist.xml; path = Info.plist; sourceTree = "<group>"; };
		8984F3AC2795AF790026719B /* DemoViewController.swift */ = {isa = PBXFileReference; lastKnownFileType = sourcecode.swift; path = DemoViewController.swift; sourceTree = "<group>"; };
		8984F3AE2795B32A0026719B /* OnboardingViewController.swift */ = {isa = PBXFileReference; lastKnownFileType = sourcecode.swift; path = OnboardingViewController.swift; sourceTree = "<group>"; };
		8984F3B02795B4100026719B /* LoginViewController.swift */ = {isa = PBXFileReference; lastKnownFileType = sourcecode.swift; path = LoginViewController.swift; sourceTree = "<group>"; };
		89F771AD27942E0900B20151 /* ViewController1.swift */ = {isa = PBXFileReference; lastKnownFileType = sourcecode.swift; path = ViewController1.swift; sourceTree = "<group>"; };
		89F771AF27942E1600B20151 /* ViewController2.swift */ = {isa = PBXFileReference; lastKnownFileType = sourcecode.swift; path = ViewController2.swift; sourceTree = "<group>"; };
		89F771B127942E2000B20151 /* ViewController3.swift */ = {isa = PBXFileReference; lastKnownFileType = sourcecode.swift; path = ViewController3.swift; sourceTree = "<group>"; };
/* End PBXFileReference section */

/* Begin PBXFrameworksBuildPhase section */
		892E96E52793844200D29BC6 /* Frameworks */ = {
			isa = PBXFrameworksBuildPhase;
			buildActionMask = 2147483647;
			files = (
			);
			runOnlyForDeploymentPostprocessing = 0;
		};
/* End PBXFrameworksBuildPhase section */

/* Begin PBXGroup section */
		892E96DF2793844200D29BC6 = {
			isa = PBXGroup;
			children = (
				892E96EA2793844200D29BC6 /* Page */,
				892E96E92793844200D29BC6 /* Products */,
			);
			sourceTree = "<group>";
		};
		892E96E92793844200D29BC6 /* Products */ = {
			isa = PBXGroup;
			children = (
				892E96E82793844200D29BC6 /* Page.app */,
			);
			name = Products;
			sourceTree = "<group>";
		};
		892E96EA2793844200D29BC6 /* Page */ = {
			isa = PBXGroup;
			children = (
				892E96FF279386D800D29BC6 /* Setting */,
				8984F3AB2795AF210026719B /* Demo */,
				892E97012793870100D29BC6 /* Controllers */,
				892E9700279386E800D29BC6 /* Files */,
			);
			path = Page;
			sourceTree = "<group>";
		};
		892E96FF279386D800D29BC6 /* Setting */ = {
			isa = PBXGroup;
			children = (
				892E96EB2793844200D29BC6 /* AppDelegate.swift */,
			);
			path = Setting;
			sourceTree = "<group>";
		};
		892E9700279386E800D29BC6 /* Files */ = {
			isa = PBXGroup;
			children = (
				892E96F42793844400D29BC6 /* Assets.xcassets */,
				892E96F62793844400D29BC6 /* LaunchScreen.storyboard */,
				892E96F92793844400D29BC6 /* Info.plist */,
			);
			name = Files;
			sourceTree = "<group>";
		};
		892E97012793870100D29BC6 /* Controllers */ = {
			isa = PBXGroup;
			children = (
				892E96EF2793844200D29BC6 /* ViewController.swift */,
				89F771AD27942E0900B20151 /* ViewController1.swift */,
				89F771AF27942E1600B20151 /* ViewController2.swift */,
				89F771B127942E2000B20151 /* ViewController3.swift */,
			);
			path = Controllers;
			sourceTree = "<group>";
		};
		8984F3AB2795AF210026719B /* Demo */ = {
			isa = PBXGroup;
			children = (
				8984F3AC2795AF790026719B /* DemoViewController.swift */,
				8984F3AE2795B32A0026719B /* OnboardingViewController.swift */,
				8984F3B02795B4100026719B /* LoginViewController.swift */,
			);
			path = Demo;
			sourceTree = "<group>";
		};
/* End PBXGroup section */

/* Begin PBXNativeTarget section */
		892E96E72793844200D29BC6 /* Page */ = {
			isa = PBXNativeTarget;
			buildConfigurationList = 892E96FC2793844400D29BC6 /* Build configuration list for PBXNativeTarget "Page" */;
			buildPhases = (
				892E96E42793844200D29BC6 /* Sources */,
				892E96E52793844200D29BC6 /* Frameworks */,
				892E96E62793844200D29BC6 /* Resources */,
			);
			buildRules = (
			);
			dependencies = (
			);
			name = Page;
			productName = Page;
			productReference = 892E96E82793844200D29BC6 /* Page.app */;
			productType = "com.apple.product-type.application";
		};
/* End PBXNativeTarget section */

/* Begin PBXProject section */
		892E96E02793844200D29BC6 /* Project object */ = {
			isa = PBXProject;
			attributes = {
				BuildIndependentTargetsInParallel = 1;
				LastSwiftUpdateCheck = 1320;
				LastUpgradeCheck = 1320;
				TargetAttributes = {
					892E96E72793844200D29BC6 = {
						CreatedOnToolsVersion = 13.2.1;
					};
				};
			};
			buildConfigurationList = 892E96E32793844200D29BC6 /* Build configuration list for PBXProject "Page" */;
			compatibilityVersion = "Xcode 13.0";
			developmentRegion = en;
			hasScannedForEncodings = 0;
			knownRegions = (
				en,
				Base,
			);
			mainGroup = 892E96DF2793844200D29BC6;
			productRefGroup = 892E96E92793844200D29BC6 /* Products */;
			projectDirPath = "";
			projectRoot = "";
			targets = (
				892E96E72793844200D29BC6 /* Page */,
			);
		};
/* End PBXProject section */

/* Begin PBXResourcesBuildPhase section */
		892E96E62793844200D29BC6 /* Resources */ = {
			isa = PBXResourcesBuildPhase;
			buildActionMask = 2147483647;
			files = (
				892E96F82793844400D29BC6 /* LaunchScreen.storyboard in Resources */,
				892E96F52793844400D29BC6 /* Assets.xcassets in Resources */,
			);
			runOnlyForDeploymentPostprocessing = 0;
		};
/* End PBXResourcesBuildPhase section */

/* Begin PBXSourcesBuildPhase section */
		892E96E42793844200D29BC6 /* Sources */ = {
			isa = PBXSourcesBuildPhase;
			buildActionMask = 2147483647;
			files = (
				89F771B227942E2000B20151 /* ViewController3.swift in Sources */,
				89F771AE27942E0900B20151 /* ViewController1.swift in Sources */,
				89F771B027942E1600B20151 /* ViewController2.swift in Sources */,
				8984F3AD2795AF790026719B /* DemoViewController.swift in Sources */,
				8984F3B12795B4100026719B /* LoginViewController.swift in Sources */,
				8984F3AF2795B32A0026719B /* OnboardingViewController.swift in Sources */,
				892E96F02793844200D29BC6 /* ViewController.swift in Sources */,
				892E96EC2793844200D29BC6 /* AppDelegate.swift in Sources */,
			);
			runOnlyForDeploymentPostprocessing = 0;
		};
/* End PBXSourcesBuildPhase section */

/* Begin PBXVariantGroup section */
		892E96F62793844400D29BC6 /* LaunchScreen.storyboard */ = {
			isa = PBXVariantGroup;
			children = (
				892E96F72793844400D29BC6 /* Base */,
			);
			name = LaunchScreen.storyboard;
			sourceTree = "<group>";
		};
/* End PBXVariantGroup section */

/* Begin XCBuildConfiguration section */
		892E96FA2793844400D29BC6 /* Debug */ = {
			isa = XCBuildConfiguration;
			buildSettings = {
				ALWAYS_SEARCH_USER_PATHS = NO;
				CLANG_ANALYZER_NONNULL = YES;
				CLANG_ANALYZER_NUMBER_OBJECT_CONVERSION = YES_AGGRESSIVE;
				CLANG_CXX_LANGUAGE_STANDARD = "gnu++17";
				CLANG_CXX_LIBRARY = "libc++";
				CLANG_ENABLE_MODULES = YES;
				CLANG_ENABLE_OBJC_ARC = YES;
				CLANG_ENABLE_OBJC_WEAK = YES;
				CLANG_WARN_BLOCK_CAPTURE_AUTORELEASING = YES;
				CLANG_WARN_BOOL_CONVERSION = YES;
				CLANG_WARN_COMMA = YES;
				CLANG_WARN_CONSTANT_CONVERSION = YES;
				CLANG_WARN_DEPRECATED_OBJC_IMPLEMENTATIONS = YES;
				CLANG_WARN_DIRECT_OBJC_ISA_USAGE = YES_ERROR;
				CLANG_WARN_DOCUMENTATION_COMMENTS = YES;
				CLANG_WARN_EMPTY_BODY = YES;
				CLANG_WARN_ENUM_CONVERSION = YES;
				CLANG_WARN_INFINITE_RECURSION = YES;
				CLANG_WARN_INT_CONVERSION = YES;
				CLANG_WARN_NON_LITERAL_NULL_CONVERSION = YES;
				CLANG_WARN_OBJC_IMPLICIT_RETAIN_SELF = YES;
				CLANG_WARN_OBJC_LITERAL_CONVERSION = YES;
				CLANG_WARN_OBJC_ROOT_CLASS = YES_ERROR;
				CLANG_WARN_QUOTED_INCLUDE_IN_FRAMEWORK_HEADER = YES;
				CLANG_WARN_RANGE_LOOP_ANALYSIS = YES;
				CLANG_WARN_STRICT_PROTOTYPES = YES;
				CLANG_WARN_SUSPICIOUS_MOVE = YES;
				CLANG_WARN_UNGUARDED_AVAILABILITY = YES_AGGRESSIVE;
				CLANG_WARN_UNREACHABLE_CODE = YES;
				CLANG_WARN__DUPLICATE_METHOD_MATCH = YES;
				COPY_PHASE_STRIP = NO;
				DEBUG_INFORMATION_FORMAT = dwarf;
				ENABLE_STRICT_OBJC_MSGSEND = YES;
				ENABLE_TESTABILITY = YES;
				GCC_C_LANGUAGE_STANDARD = gnu11;
				GCC_DYNAMIC_NO_PIC = NO;
				GCC_NO_COMMON_BLOCKS = YES;
				GCC_OPTIMIZATION_LEVEL = 0;
				GCC_PREPROCESSOR_DEFINITIONS = (
					"DEBUG=1",
					"$(inherited)",
				);
				GCC_WARN_64_TO_32_BIT_CONVERSION = YES;
				GCC_WARN_ABOUT_RETURN_TYPE = YES_ERROR;
				GCC_WARN_UNDECLARED_SELECTOR = YES;
				GCC_WARN_UNINITIALIZED_AUTOS = YES_AGGRESSIVE;
				GCC_WARN_UNUSED_FUNCTION = YES;
				GCC_WARN_UNUSED_VARIABLE = YES;
				IPHONEOS_DEPLOYMENT_TARGET = 15.2;
				MTL_ENABLE_DEBUG_INFO = INCLUDE_SOURCE;
				MTL_FAST_MATH = YES;
				ONLY_ACTIVE_ARCH = YES;
				SDKROOT = iphoneos;
				SWIFT_ACTIVE_COMPILATION_CONDITIONS = DEBUG;
				SWIFT_OPTIMIZATION_LEVEL = "-Onone";
			};
			name = Debug;
		};
		892E96FB2793844400D29BC6 /* Release */ = {
			isa = XCBuildConfiguration;
			buildSettings = {
				ALWAYS_SEARCH_USER_PATHS = NO;
				CLANG_ANALYZER_NONNULL = YES;
				CLANG_ANALYZER_NUMBER_OBJECT_CONVERSION = YES_AGGRESSIVE;
				CLANG_CXX_LANGUAGE_STANDARD = "gnu++17";
				CLANG_CXX_LIBRARY = "libc++";
				CLANG_ENABLE_MODULES = YES;
				CLANG_ENABLE_OBJC_ARC = YES;
				CLANG_ENABLE_OBJC_WEAK = YES;
				CLANG_WARN_BLOCK_CAPTURE_AUTORELEASING = YES;
				CLANG_WARN_BOOL_CONVERSION = YES;
				CLANG_WARN_COMMA = YES;
				CLANG_WARN_CONSTANT_CONVERSION = YES;
				CLANG_WARN_DEPRECATED_OBJC_IMPLEMENTATIONS = YES;
				CLANG_WARN_DIRECT_OBJC_ISA_USAGE = YES_ERROR;
				CLANG_WARN_DOCUMENTATION_COMMENTS = YES;
				CLANG_WARN_EMPTY_BODY = YES;
				CLANG_WARN_ENUM_CONVERSION = YES;
				CLANG_WARN_INFINITE_RECURSION = YES;
				CLANG_WARN_INT_CONVERSION = YES;
				CLANG_WARN_NON_LITERAL_NULL_CONVERSION = YES;
				CLANG_WARN_OBJC_IMPLICIT_RETAIN_SELF = YES;
				CLANG_WARN_OBJC_LITERAL_CONVERSION = YES;
				CLANG_WARN_OBJC_ROOT_CLASS = YES_ERROR;
				CLANG_WARN_QUOTED_INCLUDE_IN_FRAMEWORK_HEADER = YES;
				CLANG_WARN_RANGE_LOOP_ANALYSIS = YES;
				CLANG_WARN_STRICT_PROTOTYPES = YES;
				CLANG_WARN_SUSPICIOUS_MOVE = YES;
				CLANG_WARN_UNGUARDED_AVAILABILITY = YES_AGGRESSIVE;
				CLANG_WARN_UNREACHABLE_CODE = YES;
				CLANG_WARN__DUPLICATE_METHOD_MATCH = YES;
				COPY_PHASE_STRIP = NO;
				DEBUG_INFORMATION_FORMAT = "dwarf-with-dsym";
				ENABLE_NS_ASSERTIONS = NO;
				ENABLE_STRICT_OBJC_MSGSEND = YES;
				GCC_C_LANGUAGE_STANDARD = gnu11;
				GCC_NO_COMMON_BLOCKS = YES;
				GCC_WARN_64_TO_32_BIT_CONVERSION = YES;
				GCC_WARN_ABOUT_RETURN_TYPE = YES_ERROR;
				GCC_WARN_UNDECLARED_SELECTOR = YES;
				GCC_WARN_UNINITIALIZED_AUTOS = YES_AGGRESSIVE;
				GCC_WARN_UNUSED_FUNCTION = YES;
				GCC_WARN_UNUSED_VARIABLE = YES;
				IPHONEOS_DEPLOYMENT_TARGET = 15.2;
				MTL_ENABLE_DEBUG_INFO = NO;
				MTL_FAST_MATH = YES;
				SDKROOT = iphoneos;
				SWIFT_COMPILATION_MODE = wholemodule;
				SWIFT_OPTIMIZATION_LEVEL = "-O";
				VALIDATE_PRODUCT = YES;
			};
			name = Release;
		};
		892E96FD2793844400D29BC6 /* Debug */ = {
			isa = XCBuildConfiguration;
			buildSettings = {
				ASSETCATALOG_COMPILER_APPICON_NAME = AppIcon;
				ASSETCATALOG_COMPILER_GLOBAL_ACCENT_COLOR_NAME = AccentColor;
				CODE_SIGN_STYLE = Automatic;
				CURRENT_PROJECT_VERSION = 1;
				DEVELOPMENT_TEAM = P5BAPBZ387;
				GENERATE_INFOPLIST_FILE = YES;
				INFOPLIST_FILE = Page/Info.plist;
				INFOPLIST_KEY_UIApplicationSupportsIndirectInputEvents = YES;
				INFOPLIST_KEY_UILaunchStoryboardName = LaunchScreen;
				INFOPLIST_KEY_UISupportedInterfaceOrientations = "UIInterfaceOrientationPortrait UIInterfaceOrientationLandscapeLeft UIInterfaceOrientationLandscapeRight";
				INFOPLIST_KEY_UISupportedInterfaceOrientations_iPad = "UIInterfaceOrientationPortrait UIInterfaceOrientationPortraitUpsideDown UIInterfaceOrientationLandscapeLeft UIInterfaceOrientationLandscapeRight";
				INFOPLIST_KEY_UISupportedInterfaceOrientations_iPhone = "UIInterfaceOrientationPortrait UIInterfaceOrientationLandscapeLeft UIInterfaceOrientationLandscapeRight";
				IPHONEOS_DEPLOYMENT_TARGET = 15.2;
				LD_RUNPATH_SEARCH_PATHS = (
					"$(inherited)",
					"@executable_path/Frameworks",
				);
				MARKETING_VERSION = 1.0;
				PRODUCT_BUNDLE_IDENTIFIER = com.evilroot.Page;
				PRODUCT_NAME = "$(TARGET_NAME)";
				SWIFT_EMIT_LOC_STRINGS = YES;
				SWIFT_VERSION = 5.0;
				TARGETED_DEVICE_FAMILY = "1,2";
			};
			name = Debug;
		};
		892E96FE2793844400D29BC6 /* Release */ = {
			isa = XCBuildConfiguration;
			buildSettings = {
				ASSETCATALOG_COMPILER_APPICON_NAME = AppIcon;
				ASSETCATALOG_COMPILER_GLOBAL_ACCENT_COLOR_NAME = AccentColor;
				CODE_SIGN_STYLE = Automatic;
				CURRENT_PROJECT_VERSION = 1;
				DEVELOPMENT_TEAM = P5BAPBZ387;
				GENERATE_INFOPLIST_FILE = YES;
				INFOPLIST_FILE = Page/Info.plist;
				INFOPLIST_KEY_UIApplicationSupportsIndirectInputEvents = YES;
				INFOPLIST_KEY_UILaunchStoryboardName = LaunchScreen;
				INFOPLIST_KEY_UISupportedInterfaceOrientations = "UIInterfaceOrientationPortrait UIInterfaceOrientationLandscapeLeft UIInterfaceOrientationLandscapeRight";
				INFOPLIST_KEY_UISupportedInterfaceOrientations_iPad = "UIInterfaceOrientationPortrait UIInterfaceOrientationPortraitUpsideDown UIInterfaceOrientationLandscapeLeft UIInterfaceOrientationLandscapeRight";
				INFOPLIST_KEY_UISupportedInterfaceOrientations_iPhone = "UIInterfaceOrientationPortrait UIInterfaceOrientationLandscapeLeft UIInterfaceOrientationLandscapeRight";
				IPHONEOS_DEPLOYMENT_TARGET = 15.2;
				LD_RUNPATH_SEARCH_PATHS = (
					"$(inherited)",
					"@executable_path/Frameworks",
				);
				MARKETING_VERSION = 1.0;
				PRODUCT_BUNDLE_IDENTIFIER = com.evilroot.Page;
				PRODUCT_NAME = "$(TARGET_NAME)";
				SWIFT_EMIT_LOC_STRINGS = YES;
				SWIFT_VERSION = 5.0;
				TARGETED_DEVICE_FAMILY = "1,2";
			};
			name = Release;
		};
/* End XCBuildConfiguration section */

/* Begin XCConfigurationList section */
		892E96E32793844200D29BC6 /* Build configuration list for PBXProject "Page" */ = {
			isa = XCConfigurationList;
			buildConfigurations = (
				892E96FA2793844400D29BC6 /* Debug */,
				892E96FB2793844400D29BC6 /* Release */,
			);
			defaultConfigurationIsVisible = 0;
			defaultConfigurationName = Release;
		};
		892E96FC2793844400D29BC6 /* Build configuration list for PBXNativeTarget "Page" */ = {
			isa = XCConfigurationList;
			buildConfigurations = (
				892E96FD2793844400D29BC6 /* Debug */,
				892E96FE2793844400D29BC6 /* Release */,
			);
			defaultConfigurationIsVisible = 0;
			defaultConfigurationName = Release;
		};
/* End XCConfigurationList section */
	};
	rootObject = 892E96E02793844200D29BC6 /* Project object */;
}
