// !$*UTF8*$!
{
	archiveVersion = 1;
	classes = {
	};
	objectVersion = 55;
	objects = {

/* Begin PBXBuildFile section */
		891E290227A9CCA400FD4920 /* AppDelegate.swift in Sources */ = {isa = PBXBuildFile; fileRef = 891E290127A9CCA400FD4920 /* AppDelegate.swift */; };
		891E290427A9CCA400FD4920 /* SceneDelegate.swift in Sources */ = {isa = PBXBuildFile; fileRef = 891E290327A9CCA400FD4920 /* SceneDelegate.swift */; };
		891E290627A9CCA400FD4920 /* ViewController.swift in Sources */ = {isa = PBXBuildFile; fileRef = 891E290527A9CCA400FD4920 /* ViewController.swift */; };
		891E290927A9CCA400FD4920 /* Main.storyboard in Resources */ = {isa = PBXBuildFile; fileRef = 891E290727A9CCA400FD4920 /* Main.storyboard */; };
		891E290C27A9CCA400FD4920 /* CoreDataTest.xcdatamodeld in Sources */ = {isa = PBXBuildFile; fileRef = 891E290A27A9CCA400FD4920 /* CoreDataTest.xcdatamodeld */; };
		891E290E27A9CCA600FD4920 /* Assets.xcassets in Resources */ = {isa = PBXBuildFile; fileRef = 891E290D27A9CCA600FD4920 /* Assets.xcassets */; };
		891E291127A9CCA600FD4920 /* LaunchScreen.storyboard in Resources */ = {isa = PBXBuildFile; fileRef = 891E290F27A9CCA600FD4920 /* LaunchScreen.storyboard */; };
		891E291C27A9CCA600FD4920 /* CoreDataTestTests.swift in Sources */ = {isa = PBXBuildFile; fileRef = 891E291B27A9CCA600FD4920 /* CoreDataTestTests.swift */; };
		891E292627A9CCA600FD4920 /* CoreDataTestUITests.swift in Sources */ = {isa = PBXBuildFile; fileRef = 891E292527A9CCA600FD4920 /* CoreDataTestUITests.swift */; };
		891E292827A9CCA600FD4920 /* CoreDataTestUITestsLaunchTests.swift in Sources */ = {isa = PBXBuildFile; fileRef = 891E292727A9CCA600FD4920 /* CoreDataTestUITestsLaunchTests.swift */; };
/* End PBXBuildFile section */

/* Begin PBXContainerItemProxy section */
		891E291827A9CCA600FD4920 /* PBXContainerItemProxy */ = {
			isa = PBXContainerItemProxy;
			containerPortal = 891E28F627A9CCA400FD4920 /* Project object */;
			proxyType = 1;
			remoteGlobalIDString = 891E28FD27A9CCA400FD4920;
			remoteInfo = CoreDataTest;
		};
		891E292227A9CCA600FD4920 /* PBXContainerItemProxy */ = {
			isa = PBXContainerItemProxy;
			containerPortal = 891E28F627A9CCA400FD4920 /* Project object */;
			proxyType = 1;
			remoteGlobalIDString = 891E28FD27A9CCA400FD4920;
			remoteInfo = CoreDataTest;
		};
/* End PBXContainerItemProxy section */

/* Begin PBXFileReference section */
		891E28FE27A9CCA400FD4920 /* CoreDataTest.app */ = {isa = PBXFileReference; explicitFileType = wrapper.application; includeInIndex = 0; path = CoreDataTest.app; sourceTree = BUILT_PRODUCTS_DIR; };
		891E290127A9CCA400FD4920 /* AppDelegate.swift */ = {isa = PBXFileReference; lastKnownFileType = sourcecode.swift; path = AppDelegate.swift; sourceTree = "<group>"; };
		891E290327A9CCA400FD4920 /* SceneDelegate.swift */ = {isa = PBXFileReference; lastKnownFileType = sourcecode.swift; path = SceneDelegate.swift; sourceTree = "<group>"; };
		891E290527A9CCA400FD4920 /* ViewController.swift */ = {isa = PBXFileReference; lastKnownFileType = sourcecode.swift; path = ViewController.swift; sourceTree = "<group>"; };
		891E290827A9CCA400FD4920 /* Base */ = {isa = PBXFileReference; lastKnownFileType = file.storyboard; name = Base; path = Base.lproj/Main.storyboard; sourceTree = "<group>"; };
		891E290B27A9CCA400FD4920 /* CoreDataTest.xcdatamodel */ = {isa = PBXFileReference; lastKnownFileType = wrapper.xcdatamodel; path = CoreDataTest.xcdatamodel; sourceTree = "<group>"; };
		891E290D27A9CCA600FD4920 /* Assets.xcassets */ = {isa = PBXFileReference; lastKnownFileType = folder.assetcatalog; path = Assets.xcassets; sourceTree = "<group>"; };
		891E291027A9CCA600FD4920 /* Base */ = {isa = PBXFileReference; lastKnownFileType = file.storyboard; name = Base; path = Base.lproj/LaunchScreen.storyboard; sourceTree = "<group>"; };
		891E291227A9CCA600FD4920 /* Info.plist */ = {isa = PBXFileReference; lastKnownFileType = text.plist.xml; path = Info.plist; sourceTree = "<group>"; };
		891E291727A9CCA600FD4920 /* CoreDataTestTests.xctest */ = {isa = PBXFileReference; explicitFileType = wrapper.cfbundle; includeInIndex = 0; path = CoreDataTestTests.xctest; sourceTree = BUILT_PRODUCTS_DIR; };
		891E291B27A9CCA600FD4920 /* CoreDataTestTests.swift */ = {isa = PBXFileReference; lastKnownFileType = sourcecode.swift; path = CoreDataTestTests.swift; sourceTree = "<group>"; };
		891E292127A9CCA600FD4920 /* CoreDataTestUITests.xctest */ = {isa = PBXFileReference; explicitFileType = wrapper.cfbundle; includeInIndex = 0; path = CoreDataTestUITests.xctest; sourceTree = BUILT_PRODUCTS_DIR; };
		891E292527A9CCA600FD4920 /* CoreDataTestUITests.swift */ = {isa = PBXFileReference; lastKnownFileType = sourcecode.swift; path = CoreDataTestUITests.swift; sourceTree = "<group>"; };
		891E292727A9CCA600FD4920 /* CoreDataTestUITestsLaunchTests.swift */ = {isa = PBXFileReference; lastKnownFileType = sourcecode.swift; path = CoreDataTestUITestsLaunchTests.swift; sourceTree = "<group>"; };
/* End PBXFileReference section */

/* Begin PBXFrameworksBuildPhase section */
		891E28FB27A9CCA400FD4920 /* Frameworks */ = {
			isa = PBXFrameworksBuildPhase;
			buildActionMask = 2147483647;
			files = (
			);
			runOnlyForDeploymentPostprocessing = 0;
		};
		891E291427A9CCA600FD4920 /* Frameworks */ = {
			isa = PBXFrameworksBuildPhase;
			buildActionMask = 2147483647;
			files = (
			);
			runOnlyForDeploymentPostprocessing = 0;
		};
		891E291E27A9CCA600FD4920 /* Frameworks */ = {
			isa = PBXFrameworksBuildPhase;
			buildActionMask = 2147483647;
			files = (
			);
			runOnlyForDeploymentPostprocessing = 0;
		};
/* End PBXFrameworksBuildPhase section */

/* Begin PBXGroup section */
		891E28F527A9CCA400FD4920 = {
			isa = PBXGroup;
			children = (
				891E290027A9CCA400FD4920 /* CoreDataTest */,
				891E291A27A9CCA600FD4920 /* CoreDataTestTests */,
				891E292427A9CCA600FD4920 /* CoreDataTestUITests */,
				891E28FF27A9CCA400FD4920 /* Products */,
			);
			sourceTree = "<group>";
		};
		891E28FF27A9CCA400FD4920 /* Products */ = {
			isa = PBXGroup;
			children = (
				891E28FE27A9CCA400FD4920 /* CoreDataTest.app */,
				891E291727A9CCA600FD4920 /* CoreDataTestTests.xctest */,
				891E292127A9CCA600FD4920 /* CoreDataTestUITests.xctest */,
			);
			name = Products;
			sourceTree = "<group>";
		};
		891E290027A9CCA400FD4920 /* CoreDataTest */ = {
			isa = PBXGroup;
			children = (
				891E290127A9CCA400FD4920 /* AppDelegate.swift */,
				891E290327A9CCA400FD4920 /* SceneDelegate.swift */,
				891E290527A9CCA400FD4920 /* ViewController.swift */,
				891E290727A9CCA400FD4920 /* Main.storyboard */,
				891E290D27A9CCA600FD4920 /* Assets.xcassets */,
				891E290F27A9CCA600FD4920 /* LaunchScreen.storyboard */,
				891E291227A9CCA600FD4920 /* Info.plist */,
				891E290A27A9CCA400FD4920 /* CoreDataTest.xcdatamodeld */,
			);
			path = CoreDataTest;
			sourceTree = "<group>";
		};
		891E291A27A9CCA600FD4920 /* CoreDataTestTests */ = {
			isa = PBXGroup;
			children = (
				891E291B27A9CCA600FD4920 /* CoreDataTestTests.swift */,
			);
			path = CoreDataTestTests;
			sourceTree = "<group>";
		};
		891E292427A9CCA600FD4920 /* CoreDataTestUITests */ = {
			isa = PBXGroup;
			children = (
				891E292527A9CCA600FD4920 /* CoreDataTestUITests.swift */,
				891E292727A9CCA600FD4920 /* CoreDataTestUITestsLaunchTests.swift */,
			);
			path = CoreDataTestUITests;
			sourceTree = "<group>";
		};
/* End PBXGroup section */

/* Begin PBXNativeTarget section */
		891E28FD27A9CCA400FD4920 /* CoreDataTest */ = {
			isa = PBXNativeTarget;
			buildConfigurationList = 891E292B27A9CCA600FD4920 /* Build configuration list for PBXNativeTarget "CoreDataTest" */;
			buildPhases = (
				891E28FA27A9CCA400FD4920 /* Sources */,
				891E28FB27A9CCA400FD4920 /* Frameworks */,
				891E28FC27A9CCA400FD4920 /* Resources */,
			);
			buildRules = (
			);
			dependencies = (
			);
			name = CoreDataTest;
			productName = CoreDataTest;
			productReference = 891E28FE27A9CCA400FD4920 /* CoreDataTest.app */;
			productType = "com.apple.product-type.application";
		};
		891E291627A9CCA600FD4920 /* CoreDataTestTests */ = {
			isa = PBXNativeTarget;
			buildConfigurationList = 891E292E27A9CCA600FD4920 /* Build configuration list for PBXNativeTarget "CoreDataTestTests" */;
			buildPhases = (
				891E291327A9CCA600FD4920 /* Sources */,
				891E291427A9CCA600FD4920 /* Frameworks */,
				891E291527A9CCA600FD4920 /* Resources */,
			);
			buildRules = (
			);
			dependencies = (
				891E291927A9CCA600FD4920 /* PBXTargetDependency */,
			);
			name = CoreDataTestTests;
			productName = CoreDataTestTests;
			productReference = 891E291727A9CCA600FD4920 /* CoreDataTestTests.xctest */;
			productType = "com.apple.product-type.bundle.unit-test";
		};
		891E292027A9CCA600FD4920 /* CoreDataTestUITests */ = {
			isa = PBXNativeTarget;
			buildConfigurationList = 891E293127A9CCA600FD4920 /* Build configuration list for PBXNativeTarget "CoreDataTestUITests" */;
			buildPhases = (
				891E291D27A9CCA600FD4920 /* Sources */,
				891E291E27A9CCA600FD4920 /* Frameworks */,
				891E291F27A9CCA600FD4920 /* Resources */,
			);
			buildRules = (
			);
			dependencies = (
				891E292327A9CCA600FD4920 /* PBXTargetDependency */,
			);
			name = CoreDataTestUITests;
			productName = CoreDataTestUITests;
			productReference = 891E292127A9CCA600FD4920 /* CoreDataTestUITests.xctest */;
			productType = "com.apple.product-type.bundle.ui-testing";
		};
/* End PBXNativeTarget section */

/* Begin PBXProject section */
		891E28F627A9CCA400FD4920 /* Project object */ = {
			isa = PBXProject;
			attributes = {
				BuildIndependentTargetsInParallel = 1;
				LastSwiftUpdateCheck = 1320;
				LastUpgradeCheck = 1320;
				TargetAttributes = {
					891E28FD27A9CCA400FD4920 = {
						CreatedOnToolsVersion = 13.2.1;
					};
					891E291627A9CCA600FD4920 = {
						CreatedOnToolsVersion = 13.2.1;
						TestTargetID = 891E28FD27A9CCA400FD4920;
					};
					891E292027A9CCA600FD4920 = {
						CreatedOnToolsVersion = 13.2.1;
						TestTargetID = 891E28FD27A9CCA400FD4920;
					};
				};
			};
			buildConfigurationList = 891E28F927A9CCA400FD4920 /* Build configuration list for PBXProject "CoreDataTest" */;
			compatibilityVersion = "Xcode 13.0";
			developmentRegion = en;
			hasScannedForEncodings = 0;
			knownRegions = (
				en,
				Base,
			);
			mainGroup = 891E28F527A9CCA400FD4920;
			productRefGroup = 891E28FF27A9CCA400FD4920 /* Products */;
			projectDirPath = "";
			projectRoot = "";
			targets = (
				891E28FD27A9CCA400FD4920 /* CoreDataTest */,
				891E291627A9CCA600FD4920 /* CoreDataTestTests */,
				891E292027A9CCA600FD4920 /* CoreDataTestUITests */,
			);
		};
/* End PBXProject section */

/* Begin PBXResourcesBuildPhase section */
		891E28FC27A9CCA400FD4920 /* Resources */ = {
			isa = PBXResourcesBuildPhase;
			buildActionMask = 2147483647;
			files = (
				891E291127A9CCA600FD4920 /* LaunchScreen.storyboard in Resources */,
				891E290E27A9CCA600FD4920 /* Assets.xcassets in Resources */,
				891E290927A9CCA400FD4920 /* Main.storyboard in Resources */,
			);
			runOnlyForDeploymentPostprocessing = 0;
		};
		891E291527A9CCA600FD4920 /* Resources */ = {
			isa = PBXResourcesBuildPhase;
			buildActionMask = 2147483647;
			files = (
			);
			runOnlyForDeploymentPostprocessing = 0;
		};
		891E291F27A9CCA600FD4920 /* Resources */ = {
			isa = PBXResourcesBuildPhase;
			buildActionMask = 2147483647;
			files = (
			);
			runOnlyForDeploymentPostprocessing = 0;
		};
/* End PBXResourcesBuildPhase section */

/* Begin PBXSourcesBuildPhase section */
		891E28FA27A9CCA400FD4920 /* Sources */ = {
			isa = PBXSourcesBuildPhase;
			buildActionMask = 2147483647;
			files = (
				891E290C27A9CCA400FD4920 /* CoreDataTest.xcdatamodeld in Sources */,
				891E290627A9CCA400FD4920 /* ViewController.swift in Sources */,
				891E290227A9CCA400FD4920 /* AppDelegate.swift in Sources */,
				891E290427A9CCA400FD4920 /* SceneDelegate.swift in Sources */,
			);
			runOnlyForDeploymentPostprocessing = 0;
		};
		891E291327A9CCA600FD4920 /* Sources */ = {
			isa = PBXSourcesBuildPhase;
			buildActionMask = 2147483647;
			files = (
				891E291C27A9CCA600FD4920 /* CoreDataTestTests.swift in Sources */,
			);
			runOnlyForDeploymentPostprocessing = 0;
		};
		891E291D27A9CCA600FD4920 /* Sources */ = {
			isa = PBXSourcesBuildPhase;
			buildActionMask = 2147483647;
			files = (
				891E292627A9CCA600FD4920 /* CoreDataTestUITests.swift in Sources */,
				891E292827A9CCA600FD4920 /* CoreDataTestUITestsLaunchTests.swift in Sources */,
			);
			runOnlyForDeploymentPostprocessing = 0;
		};
/* End PBXSourcesBuildPhase section */

/* Begin PBXTargetDependency section */
		891E291927A9CCA600FD4920 /* PBXTargetDependency */ = {
			isa = PBXTargetDependency;
			target = 891E28FD27A9CCA400FD4920 /* CoreDataTest */;
			targetProxy = 891E291827A9CCA600FD4920 /* PBXContainerItemProxy */;
		};
		891E292327A9CCA600FD4920 /* PBXTargetDependency */ = {
			isa = PBXTargetDependency;
			target = 891E28FD27A9CCA400FD4920 /* CoreDataTest */;
			targetProxy = 891E292227A9CCA600FD4920 /* PBXContainerItemProxy */;
		};
/* End PBXTargetDependency section */

/* Begin PBXVariantGroup section */
		891E290727A9CCA400FD4920 /* Main.storyboard */ = {
			isa = PBXVariantGroup;
			children = (
				891E290827A9CCA400FD4920 /* Base */,
			);
			name = Main.storyboard;
			sourceTree = "<group>";
		};
		891E290F27A9CCA600FD4920 /* LaunchScreen.storyboard */ = {
			isa = PBXVariantGroup;
			children = (
				891E291027A9CCA600FD4920 /* Base */,
			);
			name = LaunchScreen.storyboard;
			sourceTree = "<group>";
		};
/* End PBXVariantGroup section */

/* Begin XCBuildConfiguration section */
		891E292927A9CCA600FD4920 /* Debug */ = {
			isa = XCBuildConfiguration;
			buildSettings = {
				ALWAYS_SEARCH_USER_PATHS = NO;
				CLANG_ANALYZER_NONNULL = YES;
				CLANG_ANALYZER_NUMBER_OBJECT_CONVERSION = YES_AGGRESSIVE;
				CLANG_CXX_LANGUAGE_STANDARD = "gnu++17";
				CLANG_CXX_LIBRARY = "libc++";
				CLANG_ENABLE_MODULES = YES;
				CLANG_ENABLE_OBJC_ARC = YES;
				CLANG_ENABLE_OBJC_WEAK = YES;
				CLANG_WARN_BLOCK_CAPTURE_AUTORELEASING = YES;
				CLANG_WARN_BOOL_CONVERSION = YES;
				CLANG_WARN_COMMA = YES;
				CLANG_WARN_CONSTANT_CONVERSION = YES;
				CLANG_WARN_DEPRECATED_OBJC_IMPLEMENTATIONS = YES;
				CLANG_WARN_DIRECT_OBJC_ISA_USAGE = YES_ERROR;
				CLANG_WARN_DOCUMENTATION_COMMENTS = YES;
				CLANG_WARN_EMPTY_BODY = YES;
				CLANG_WARN_ENUM_CONVERSION = YES;
				CLANG_WARN_INFINITE_RECURSION = YES;
				CLANG_WARN_INT_CONVERSION = YES;
				CLANG_WARN_NON_LITERAL_NULL_CONVERSION = YES;
				CLANG_WARN_OBJC_IMPLICIT_RETAIN_SELF = YES;
				CLANG_WARN_OBJC_LITERAL_CONVERSION = YES;
				CLANG_WARN_OBJC_ROOT_CLASS = YES_ERROR;
				CLANG_WARN_QUOTED_INCLUDE_IN_FRAMEWORK_HEADER = YES;
				CLANG_WARN_RANGE_LOOP_ANALYSIS = YES;
				CLANG_WARN_STRICT_PROTOTYPES = YES;
				CLANG_WARN_SUSPICIOUS_MOVE = YES;
				CLANG_WARN_UNGUARDED_AVAILABILITY = YES_AGGRESSIVE;
				CLANG_WARN_UNREACHABLE_CODE = YES;
				CLANG_WARN__DUPLICATE_METHOD_MATCH = YES;
				COPY_PHASE_STRIP = NO;
				DEBUG_INFORMATION_FORMAT = dwarf;
				ENABLE_STRICT_OBJC_MSGSEND = YES;
				ENABLE_TESTABILITY = YES;
				GCC_C_LANGUAGE_STANDARD = gnu11;
				GCC_DYNAMIC_NO_PIC = NO;
				GCC_NO_COMMON_BLOCKS = YES;
				GCC_OPTIMIZATION_LEVEL = 0;
				GCC_PREPROCESSOR_DEFINITIONS = (
					"DEBUG=1",
					"$(inherited)",
				);
				GCC_WARN_64_TO_32_BIT_CONVERSION = YES;
				GCC_WARN_ABOUT_RETURN_TYPE = YES_ERROR;
				GCC_WARN_UNDECLARED_SELECTOR = YES;
				GCC_WARN_UNINITIALIZED_AUTOS = YES_AGGRESSIVE;
				GCC_WARN_UNUSED_FUNCTION = YES;
				GCC_WARN_UNUSED_VARIABLE = YES;
				IPHONEOS_DEPLOYMENT_TARGET = 15.2;
				MTL_ENABLE_DEBUG_INFO = INCLUDE_SOURCE;
				MTL_FAST_MATH = YES;
				ONLY_ACTIVE_ARCH = YES;
				SDKROOT = iphoneos;
				SWIFT_ACTIVE_COMPILATION_CONDITIONS = DEBUG;
				SWIFT_OPTIMIZATION_LEVEL = "-Onone";
			};
			name = Debug;
		};
		891E292A27A9CCA600FD4920 /* Release */ = {
			isa = XCBuildConfiguration;
			buildSettings = {
				ALWAYS_SEARCH_USER_PATHS = NO;
				CLANG_ANALYZER_NONNULL = YES;
				CLANG_ANALYZER_NUMBER_OBJECT_CONVERSION = YES_AGGRESSIVE;
				CLANG_CXX_LANGUAGE_STANDARD = "gnu++17";
				CLANG_CXX_LIBRARY = "libc++";
				CLANG_ENABLE_MODULES = YES;
				CLANG_ENABLE_OBJC_ARC = YES;
				CLANG_ENABLE_OBJC_WEAK = YES;
				CLANG_WARN_BLOCK_CAPTURE_AUTORELEASING = YES;
				CLANG_WARN_BOOL_CONVERSION = YES;
				CLANG_WARN_COMMA = YES;
				CLANG_WARN_CONSTANT_CONVERSION = YES;
				CLANG_WARN_DEPRECATED_OBJC_IMPLEMENTATIONS = YES;
				CLANG_WARN_DIRECT_OBJC_ISA_USAGE = YES_ERROR;
				CLANG_WARN_DOCUMENTATION_COMMENTS = YES;
				CLANG_WARN_EMPTY_BODY = YES;
				CLANG_WARN_ENUM_CONVERSION = YES;
				CLANG_WARN_INFINITE_RECURSION = YES;
				CLANG_WARN_INT_CONVERSION = YES;
				CLANG_WARN_NON_LITERAL_NULL_CONVERSION = YES;
				CLANG_WARN_OBJC_IMPLICIT_RETAIN_SELF = YES;
				CLANG_WARN_OBJC_LITERAL_CONVERSION = YES;
				CLANG_WARN_OBJC_ROOT_CLASS = YES_ERROR;
				CLANG_WARN_QUOTED_INCLUDE_IN_FRAMEWORK_HEADER = YES;
				CLANG_WARN_RANGE_LOOP_ANALYSIS = YES;
				CLANG_WARN_STRICT_PROTOTYPES = YES;
				CLANG_WARN_SUSPICIOUS_MOVE = YES;
				CLANG_WARN_UNGUARDED_AVAILABILITY = YES_AGGRESSIVE;
				CLANG_WARN_UNREACHABLE_CODE = YES;
				CLANG_WARN__DUPLICATE_METHOD_MATCH = YES;
				COPY_PHASE_STRIP = NO;
				DEBUG_INFORMATION_FORMAT = "dwarf-with-dsym";
				ENABLE_NS_ASSERTIONS = NO;
				ENABLE_STRICT_OBJC_MSGSEND = YES;
				GCC_C_LANGUAGE_STANDARD = gnu11;
				GCC_NO_COMMON_BLOCKS = YES;
				GCC_WARN_64_TO_32_BIT_CONVERSION = YES;
				GCC_WARN_ABOUT_RETURN_TYPE = YES_ERROR;
				GCC_WARN_UNDECLARED_SELECTOR = YES;
				GCC_WARN_UNINITIALIZED_AUTOS = YES_AGGRESSIVE;
				GCC_WARN_UNUSED_FUNCTION = YES;
				GCC_WARN_UNUSED_VARIABLE = YES;
				IPHONEOS_DEPLOYMENT_TARGET = 15.2;
				MTL_ENABLE_DEBUG_INFO = NO;
				MTL_FAST_MATH = YES;
				SDKROOT = iphoneos;
				SWIFT_COMPILATION_MODE = wholemodule;
				SWIFT_OPTIMIZATION_LEVEL = "-O";
				VALIDATE_PRODUCT = YES;
			};
			name = Release;
		};
		891E292C27A9CCA600FD4920 /* Debug */ = {
			isa = XCBuildConfiguration;
			buildSettings = {
				ASSETCATALOG_COMPILER_APPICON_NAME = AppIcon;
				ASSETCATALOG_COMPILER_GLOBAL_ACCENT_COLOR_NAME = AccentColor;
				CODE_SIGN_STYLE = Automatic;
				CURRENT_PROJECT_VERSION = 1;
				DEVELOPMENT_TEAM = P5BAPBZ387;
				GENERATE_INFOPLIST_FILE = YES;
				INFOPLIST_FILE = CoreDataTest/Info.plist;
				INFOPLIST_KEY_UIApplicationSupportsIndirectInputEvents = YES;
				INFOPLIST_KEY_UILaunchStoryboardName = LaunchScreen;
				INFOPLIST_KEY_UIMainStoryboardFile = Main;
				INFOPLIST_KEY_UISupportedInterfaceOrientations_iPad = "UIInterfaceOrientationPortrait UIInterfaceOrientationPortraitUpsideDown UIInterfaceOrientationLandscapeLeft UIInterfaceOrientationLandscapeRight";
				INFOPLIST_KEY_UISupportedInterfaceOrientations_iPhone = "UIInterfaceOrientationPortrait UIInterfaceOrientationLandscapeLeft UIInterfaceOrientationLandscapeRight";
				LD_RUNPATH_SEARCH_PATHS = (
					"$(inherited)",
					"@executable_path/Frameworks",
				);
				MARKETING_VERSION = 1.0;
				PRODUCT_BUNDLE_IDENTIFIER = com.evilroot.CoreDataTest;
				PRODUCT_NAME = "$(TARGET_NAME)";
				SWIFT_EMIT_LOC_STRINGS = YES;
				SWIFT_VERSION = 5.0;
				TARGETED_DEVICE_FAMILY = "1,2";
			};
			name = Debug;
		};
		891E292D27A9CCA600FD4920 /* Release */ = {
			isa = XCBuildConfiguration;
			buildSettings = {
				ASSETCATALOG_COMPILER_APPICON_NAME = AppIcon;
				ASSETCATALOG_COMPILER_GLOBAL_ACCENT_COLOR_NAME = AccentColor;
				CODE_SIGN_STYLE = Automatic;
				CURRENT_PROJECT_VERSION = 1;
				DEVELOPMENT_TEAM = P5BAPBZ387;
				GENERATE_INFOPLIST_FILE = YES;
				INFOPLIST_FILE = CoreDataTest/Info.plist;
				INFOPLIST_KEY_UIApplicationSupportsIndirectInputEvents = YES;
				INFOPLIST_KEY_UILaunchStoryboardName = LaunchScreen;
				INFOPLIST_KEY_UIMainStoryboardFile = Main;
				INFOPLIST_KEY_UISupportedInterfaceOrientations_iPad = "UIInterfaceOrientationPortrait UIInterfaceOrientationPortraitUpsideDown UIInterfaceOrientationLandscapeLeft UIInterfaceOrientationLandscapeRight";
				INFOPLIST_KEY_UISupportedInterfaceOrientations_iPhone = "UIInterfaceOrientationPortrait UIInterfaceOrientationLandscapeLeft UIInterfaceOrientationLandscapeRight";
				LD_RUNPATH_SEARCH_PATHS = (
					"$(inherited)",
					"@executable_path/Frameworks",
				);
				MARKETING_VERSION = 1.0;
				PRODUCT_BUNDLE_IDENTIFIER = com.evilroot.CoreDataTest;
				PRODUCT_NAME = "$(TARGET_NAME)";
				SWIFT_EMIT_LOC_STRINGS = YES;
				SWIFT_VERSION = 5.0;
				TARGETED_DEVICE_FAMILY = "1,2";
			};
			name = Release;
		};
		891E292F27A9CCA600FD4920 /* Debug */ = {
			isa = XCBuildConfiguration;
			buildSettings = {
				ALWAYS_EMBED_SWIFT_STANDARD_LIBRARIES = YES;
				BUNDLE_LOADER = "$(TEST_HOST)";
				CODE_SIGN_STYLE = Automatic;
				CURRENT_PROJECT_VERSION = 1;
				DEVELOPMENT_TEAM = P5BAPBZ387;
				GENERATE_INFOPLIST_FILE = YES;
				IPHONEOS_DEPLOYMENT_TARGET = 15.2;
				MARKETING_VERSION = 1.0;
				PRODUCT_BUNDLE_IDENTIFIER = com.evilroot.CoreDataTestTests;
				PRODUCT_NAME = "$(TARGET_NAME)";
				SWIFT_EMIT_LOC_STRINGS = NO;
				SWIFT_VERSION = 5.0;
				TARGETED_DEVICE_FAMILY = "1,2";
				TEST_HOST = "$(BUILT_PRODUCTS_DIR)/CoreDataTest.app/CoreDataTest";
			};
			name = Debug;
		};
		891E293027A9CCA600FD4920 /* Release */ = {
			isa = XCBuildConfiguration;
			buildSettings = {
				ALWAYS_EMBED_SWIFT_STANDARD_LIBRARIES = YES;
				BUNDLE_LOADER = "$(TEST_HOST)";
				CODE_SIGN_STYLE = Automatic;
				CURRENT_PROJECT_VERSION = 1;
				DEVELOPMENT_TEAM = P5BAPBZ387;
				GENERATE_INFOPLIST_FILE = YES;
				IPHONEOS_DEPLOYMENT_TARGET = 15.2;
				MARKETING_VERSION = 1.0;
				PRODUCT_BUNDLE_IDENTIFIER = com.evilroot.CoreDataTestTests;
				PRODUCT_NAME = "$(TARGET_NAME)";
				SWIFT_EMIT_LOC_STRINGS = NO;
				SWIFT_VERSION = 5.0;
				TARGETED_DEVICE_FAMILY = "1,2";
				TEST_HOST = "$(BUILT_PRODUCTS_DIR)/CoreDataTest.app/CoreDataTest";
			};
			name = Release;
		};
		891E293227A9CCA600FD4920 /* Debug */ = {
			isa = XCBuildConfiguration;
			buildSettings = {
				ALWAYS_EMBED_SWIFT_STANDARD_LIBRARIES = YES;
				CODE_SIGN_STYLE = Automatic;
				CURRENT_PROJECT_VERSION = 1;
				DEVELOPMENT_TEAM = P5BAPBZ387;
				GENERATE_INFOPLIST_FILE = YES;
				MARKETING_VERSION = 1.0;
				PRODUCT_BUNDLE_IDENTIFIER = com.evilroot.CoreDataTestUITests;
				PRODUCT_NAME = "$(TARGET_NAME)";
				SWIFT_EMIT_LOC_STRINGS = NO;
				SWIFT_VERSION = 5.0;
				TARGETED_DEVICE_FAMILY = "1,2";
				TEST_TARGET_NAME = CoreDataTest;
			};
			name = Debug;
		};
		891E293327A9CCA600FD4920 /* Release */ = {
			isa = XCBuildConfiguration;
			buildSettings = {
				ALWAYS_EMBED_SWIFT_STANDARD_LIBRARIES = YES;
				CODE_SIGN_STYLE = Automatic;
				CURRENT_PROJECT_VERSION = 1;
				DEVELOPMENT_TEAM = P5BAPBZ387;
				GENERATE_INFOPLIST_FILE = YES;
				MARKETING_VERSION = 1.0;
				PRODUCT_BUNDLE_IDENTIFIER = com.evilroot.CoreDataTestUITests;
				PRODUCT_NAME = "$(TARGET_NAME)";
				SWIFT_EMIT_LOC_STRINGS = NO;
				SWIFT_VERSION = 5.0;
				TARGETED_DEVICE_FAMILY = "1,2";
				TEST_TARGET_NAME = CoreDataTest;
			};
			name = Release;
		};
/* End XCBuildConfiguration section */

/* Begin XCConfigurationList section */
		891E28F927A9CCA400FD4920 /* Build configuration list for PBXProject "CoreDataTest" */ = {
			isa = XCConfigurationList;
			buildConfigurations = (
				891E292927A9CCA600FD4920 /* Debug */,
				891E292A27A9CCA600FD4920 /* Release */,
			);
			defaultConfigurationIsVisible = 0;
			defaultConfigurationName = Release;
		};
		891E292B27A9CCA600FD4920 /* Build configuration list for PBXNativeTarget "CoreDataTest" */ = {
			isa = XCConfigurationList;
			buildConfigurations = (
				891E292C27A9CCA600FD4920 /* Debug */,
				891E292D27A9CCA600FD4920 /* Release */,
			);
			defaultConfigurationIsVisible = 0;
			defaultConfigurationName = Release;
		};
		891E292E27A9CCA600FD4920 /* Build configuration list for PBXNativeTarget "CoreDataTestTests" */ = {
			isa = XCConfigurationList;
			buildConfigurations = (
				891E292F27A9CCA600FD4920 /* Debug */,
				891E293027A9CCA600FD4920 /* Release */,
			);
			defaultConfigurationIsVisible = 0;
			defaultConfigurationName = Release;
		};
		891E293127A9CCA600FD4920 /* Build configuration list for PBXNativeTarget "CoreDataTestUITests" */ = {
			isa = XCConfigurationList;
			buildConfigurations = (
				891E293227A9CCA600FD4920 /* Debug */,
				891E293327A9CCA600FD4920 /* Release */,
			);
			defaultConfigurationIsVisible = 0;
			defaultConfigurationName = Release;
		};
/* End XCConfigurationList section */

/* Begin XCVersionGroup section */
		891E290A27A9CCA400FD4920 /* CoreDataTest.xcdatamodeld */ = {
			isa = XCVersionGroup;
			children = (
				891E290B27A9CCA400FD4920 /* CoreDataTest.xcdatamodel */,
			);
			currentVersion = 891E290B27A9CCA400FD4920 /* CoreDataTest.xcdatamodel */;
			path = CoreDataTest.xcdatamodeld;
			sourceTree = "<group>";
			versionGroupType = wrapper.xcdatamodel;
		};
/* End XCVersionGroup section */
	};
	rootObject = 891E28F627A9CCA400FD4920 /* Project object */;
}
