// !$*UTF8*$!
{
	archiveVersion = 1;
	classes = {
	};
	objectVersion = 55;
	objects = {

/* Begin PBXBuildFile section */
		8941A5C927933C2D00D5B352 /* AppDelegate.swift in Sources */ = {isa = PBXBuildFile; fileRef = 8941A5C827933C2D00D5B352 /* AppDelegate.swift */; };
		8941A5CB27933C2D00D5B352 /* SceneDelegate.swift in Sources */ = {isa = PBXBuildFile; fileRef = 8941A5CA27933C2D00D5B352 /* SceneDelegate.swift */; };
		8941A5CD27933C2D00D5B352 /* PushViewController.swift in Sources */ = {isa = PBXBuildFile; fileRef = 8941A5CC27933C2D00D5B352 /* PushViewController.swift */; };
		8941A5D227933C2E00D5B352 /* Assets.xcassets in Resources */ = {isa = PBXBuildFile; fileRef = 8941A5D127933C2E00D5B352 /* Assets.xcassets */; };
		8941A5D527933C2E00D5B352 /* LaunchScreen.storyboard in Resources */ = {isa = PBXBuildFile; fileRef = 8941A5D327933C2E00D5B352 /* LaunchScreen.storyboard */; };
		8941A5E0279340AF00D5B352 /* PageViewController.swift in Sources */ = {isa = PBXBuildFile; fileRef = 8941A5DF279340AF00D5B352 /* PageViewController.swift */; };
		8941A5E2279340D200D5B352 /* NavigationViewController.swift in Sources */ = {isa = PBXBuildFile; fileRef = 8941A5E1279340D200D5B352 /* NavigationViewController.swift */; };
		8941A5E4279344E300D5B352 /* PresentViewController.swift in Sources */ = {isa = PBXBuildFile; fileRef = 8941A5E3279344E300D5B352 /* PresentViewController.swift */; };
		8941A5E627934D5000D5B352 /* ViewController1.swift in Sources */ = {isa = PBXBuildFile; fileRef = 8941A5E527934D5000D5B352 /* ViewController1.swift */; };
		8941A5E827934D5F00D5B352 /* ViewController2.swift in Sources */ = {isa = PBXBuildFile; fileRef = 8941A5E727934D5F00D5B352 /* ViewController2.swift */; };
		8941A5EA27934D6D00D5B352 /* ViewController3.swift in Sources */ = {isa = PBXBuildFile; fileRef = 8941A5E927934D6D00D5B352 /* ViewController3.swift */; };
/* End PBXBuildFile section */

/* Begin PBXFileReference section */
		8941A5C527933C2D00D5B352 /* Container.app */ = {isa = PBXFileReference; explicitFileType = wrapper.application; includeInIndex = 0; path = Container.app; sourceTree = BUILT_PRODUCTS_DIR; };
		8941A5C827933C2D00D5B352 /* AppDelegate.swift */ = {isa = PBXFileReference; lastKnownFileType = sourcecode.swift; path = AppDelegate.swift; sourceTree = "<group>"; };
		8941A5CA27933C2D00D5B352 /* SceneDelegate.swift */ = {isa = PBXFileReference; lastKnownFileType = sourcecode.swift; path = SceneDelegate.swift; sourceTree = "<group>"; };
		8941A5CC27933C2D00D5B352 /* PushViewController.swift */ = {isa = PBXFileReference; lastKnownFileType = sourcecode.swift; path = PushViewController.swift; sourceTree = "<group>"; };
		8941A5D127933C2E00D5B352 /* Assets.xcassets */ = {isa = PBXFileReference; lastKnownFileType = folder.assetcatalog; path = Assets.xcassets; sourceTree = "<group>"; };
		8941A5D427933C2E00D5B352 /* Base */ = {isa = PBXFileReference; lastKnownFileType = file.storyboard; name = Base; path = Base.lproj/LaunchScreen.storyboard; sourceTree = "<group>"; };
		8941A5D627933C2E00D5B352 /* Info.plist */ = {isa = PBXFileReference; lastKnownFileType = text.plist.xml; path = Info.plist; sourceTree = "<group>"; };
		8941A5DF279340AF00D5B352 /* PageViewController.swift */ = {isa = PBXFileReference; lastKnownFileType = sourcecode.swift; path = PageViewController.swift; sourceTree = "<group>"; };
		8941A5E1279340D200D5B352 /* NavigationViewController.swift */ = {isa = PBXFileReference; lastKnownFileType = sourcecode.swift; path = NavigationViewController.swift; sourceTree = "<group>"; };
		8941A5E3279344E300D5B352 /* PresentViewController.swift */ = {isa = PBXFileReference; lastKnownFileType = sourcecode.swift; path = PresentViewController.swift; sourceTree = "<group>"; };
		8941A5E527934D5000D5B352 /* ViewController1.swift */ = {isa = PBXFileReference; lastKnownFileType = sourcecode.swift; path = ViewController1.swift; sourceTree = "<group>"; };
		8941A5E727934D5F00D5B352 /* ViewController2.swift */ = {isa = PBXFileReference; lastKnownFileType = sourcecode.swift; path = ViewController2.swift; sourceTree = "<group>"; };
		8941A5E927934D6D00D5B352 /* ViewController3.swift */ = {isa = PBXFileReference; lastKnownFileType = sourcecode.swift; path = ViewController3.swift; sourceTree = "<group>"; };
/* End PBXFileReference section */

/* Begin PBXFrameworksBuildPhase section */
		8941A5C227933C2D00D5B352 /* Frameworks */ = {
			isa = PBXFrameworksBuildPhase;
			buildActionMask = 2147483647;
			files = (
			);
			runOnlyForDeploymentPostprocessing = 0;
		};
/* End PBXFrameworksBuildPhase section */

/* Begin PBXGroup section */
		8941A5BC27933C2D00D5B352 = {
			isa = PBXGroup;
			children = (
				8941A5C727933C2D00D5B352 /* Container */,
				8941A5C627933C2D00D5B352 /* Products */,
			);
			sourceTree = "<group>";
		};
		8941A5C627933C2D00D5B352 /* Products */ = {
			isa = PBXGroup;
			children = (
				8941A5C527933C2D00D5B352 /* Container.app */,
			);
			name = Products;
			sourceTree = "<group>";
		};
		8941A5C727933C2D00D5B352 /* Container */ = {
			isa = PBXGroup;
			children = (
				8941A5ED2793704600D5B352 /* Setting */,
				8941A5DE27933CCF00D5B352 /* NavigationGroup */,
				8941A5DD27933CA500D5B352 /* PageViewGroup */,
				8941A5DC27933C6600D5B352 /* Files */,
			);
			path = Container;
			sourceTree = "<group>";
		};
		8941A5DC27933C6600D5B352 /* Files */ = {
			isa = PBXGroup;
			children = (
				8941A5D127933C2E00D5B352 /* Assets.xcassets */,
				8941A5D327933C2E00D5B352 /* LaunchScreen.storyboard */,
				8941A5D627933C2E00D5B352 /* Info.plist */,
			);
			name = Files;
			sourceTree = "<group>";
		};
		8941A5DD27933CA500D5B352 /* PageViewGroup */ = {
			isa = PBXGroup;
			children = (
				8941A5DF279340AF00D5B352 /* PageViewController.swift */,
				8941A5E527934D5000D5B352 /* ViewController1.swift */,
				8941A5E727934D5F00D5B352 /* ViewController2.swift */,
				8941A5E927934D6D00D5B352 /* ViewController3.swift */,
			);
			name = PageViewGroup;
			sourceTree = "<group>";
		};
		8941A5DE27933CCF00D5B352 /* NavigationGroup */ = {
			isa = PBXGroup;
			children = (
				8941A5E1279340D200D5B352 /* NavigationViewController.swift */,
				8941A5CC27933C2D00D5B352 /* PushViewController.swift */,
				8941A5E3279344E300D5B352 /* PresentViewController.swift */,
			);
			name = NavigationGroup;
			sourceTree = "<group>";
		};
		8941A5ED2793704600D5B352 /* Setting */ = {
			isa = PBXGroup;
			children = (
				8941A5C827933C2D00D5B352 /* AppDelegate.swift */,
				8941A5CA27933C2D00D5B352 /* SceneDelegate.swift */,
			);
			path = Setting;
			sourceTree = "<group>";
		};
/* End PBXGroup section */

/* Begin PBXNativeTarget section */
		8941A5C427933C2D00D5B352 /* Container */ = {
			isa = PBXNativeTarget;
			buildConfigurationList = 8941A5D927933C2E00D5B352 /* Build configuration list for PBXNativeTarget "Container" */;
			buildPhases = (
				8941A5C127933C2D00D5B352 /* Sources */,
				8941A5C227933C2D00D5B352 /* Frameworks */,
				8941A5C327933C2D00D5B352 /* Resources */,
			);
			buildRules = (
			);
			dependencies = (
			);
			name = Container;
			productName = Container;
			productReference = 8941A5C527933C2D00D5B352 /* Container.app */;
			productType = "com.apple.product-type.application";
		};
/* End PBXNativeTarget section */

/* Begin PBXProject section */
		8941A5BD27933C2D00D5B352 /* Project object */ = {
			isa = PBXProject;
			attributes = {
				BuildIndependentTargetsInParallel = 1;
				LastSwiftUpdateCheck = 1320;
				LastUpgradeCheck = 1320;
				TargetAttributes = {
					8941A5C427933C2D00D5B352 = {
						CreatedOnToolsVersion = 13.2.1;
					};
				};
			};
			buildConfigurationList = 8941A5C027933C2D00D5B352 /* Build configuration list for PBXProject "Container" */;
			compatibilityVersion = "Xcode 13.0";
			developmentRegion = en;
			hasScannedForEncodings = 0;
			knownRegions = (
				en,
				Base,
			);
			mainGroup = 8941A5BC27933C2D00D5B352;
			productRefGroup = 8941A5C627933C2D00D5B352 /* Products */;
			projectDirPath = "";
			projectRoot = "";
			targets = (
				8941A5C427933C2D00D5B352 /* Container */,
			);
		};
/* End PBXProject section */

/* Begin PBXResourcesBuildPhase section */
		8941A5C327933C2D00D5B352 /* Resources */ = {
			isa = PBXResourcesBuildPhase;
			buildActionMask = 2147483647;
			files = (
				8941A5D527933C2E00D5B352 /* LaunchScreen.storyboard in Resources */,
				8941A5D227933C2E00D5B352 /* Assets.xcassets in Resources */,
			);
			runOnlyForDeploymentPostprocessing = 0;
		};
/* End PBXResourcesBuildPhase section */

/* Begin PBXSourcesBuildPhase section */
		8941A5C127933C2D00D5B352 /* Sources */ = {
			isa = PBXSourcesBuildPhase;
			buildActionMask = 2147483647;
			files = (
				8941A5CD27933C2D00D5B352 /* PushViewController.swift in Sources */,
				8941A5E827934D5F00D5B352 /* ViewController2.swift in Sources */,
				8941A5EA27934D6D00D5B352 /* ViewController3.swift in Sources */,
				8941A5C927933C2D00D5B352 /* AppDelegate.swift in Sources */,
				8941A5E4279344E300D5B352 /* PresentViewController.swift in Sources */,
				8941A5CB27933C2D00D5B352 /* SceneDelegate.swift in Sources */,
				8941A5E627934D5000D5B352 /* ViewController1.swift in Sources */,
				8941A5E2279340D200D5B352 /* NavigationViewController.swift in Sources */,
				8941A5E0279340AF00D5B352 /* PageViewController.swift in Sources */,
			);
			runOnlyForDeploymentPostprocessing = 0;
		};
/* End PBXSourcesBuildPhase section */

/* Begin PBXVariantGroup section */
		8941A5D327933C2E00D5B352 /* LaunchScreen.storyboard */ = {
			isa = PBXVariantGroup;
			children = (
				8941A5D427933C2E00D5B352 /* Base */,
			);
			name = LaunchScreen.storyboard;
			sourceTree = "<group>";
		};
/* End PBXVariantGroup section */

/* Begin XCBuildConfiguration section */
		8941A5D727933C2E00D5B352 /* Debug */ = {
			isa = XCBuildConfiguration;
			buildSettings = {
				ALWAYS_SEARCH_USER_PATHS = NO;
				CLANG_ANALYZER_NONNULL = YES;
				CLANG_ANALYZER_NUMBER_OBJECT_CONVERSION = YES_AGGRESSIVE;
				CLANG_CXX_LANGUAGE_STANDARD = "gnu++17";
				CLANG_CXX_LIBRARY = "libc++";
				CLANG_ENABLE_MODULES = YES;
				CLANG_ENABLE_OBJC_ARC = YES;
				CLANG_ENABLE_OBJC_WEAK = YES;
				CLANG_WARN_BLOCK_CAPTURE_AUTORELEASING = YES;
				CLANG_WARN_BOOL_CONVERSION = YES;
				CLANG_WARN_COMMA = YES;
				CLANG_WARN_CONSTANT_CONVERSION = YES;
				CLANG_WARN_DEPRECATED_OBJC_IMPLEMENTATIONS = YES;
				CLANG_WARN_DIRECT_OBJC_ISA_USAGE = YES_ERROR;
				CLANG_WARN_DOCUMENTATION_COMMENTS = YES;
				CLANG_WARN_EMPTY_BODY = YES;
				CLANG_WARN_ENUM_CONVERSION = YES;
				CLANG_WARN_INFINITE_RECURSION = YES;
				CLANG_WARN_INT_CONVERSION = YES;
				CLANG_WARN_NON_LITERAL_NULL_CONVERSION = YES;
				CLANG_WARN_OBJC_IMPLICIT_RETAIN_SELF = YES;
				CLANG_WARN_OBJC_LITERAL_CONVERSION = YES;
				CLANG_WARN_OBJC_ROOT_CLASS = YES_ERROR;
				CLANG_WARN_QUOTED_INCLUDE_IN_FRAMEWORK_HEADER = YES;
				CLANG_WARN_RANGE_LOOP_ANALYSIS = YES;
				CLANG_WARN_STRICT_PROTOTYPES = YES;
				CLANG_WARN_SUSPICIOUS_MOVE = YES;
				CLANG_WARN_UNGUARDED_AVAILABILITY = YES_AGGRESSIVE;
				CLANG_WARN_UNREACHABLE_CODE = YES;
				CLANG_WARN__DUPLICATE_METHOD_MATCH = YES;
				COPY_PHASE_STRIP = NO;
				DEBUG_INFORMATION_FORMAT = dwarf;
				ENABLE_STRICT_OBJC_MSGSEND = YES;
				ENABLE_TESTABILITY = YES;
				GCC_C_LANGUAGE_STANDARD = gnu11;
				GCC_DYNAMIC_NO_PIC = NO;
				GCC_NO_COMMON_BLOCKS = YES;
				GCC_OPTIMIZATION_LEVEL = 0;
				GCC_PREPROCESSOR_DEFINITIONS = (
					"DEBUG=1",
					"$(inherited)",
				);
				GCC_WARN_64_TO_32_BIT_CONVERSION = YES;
				GCC_WARN_ABOUT_RETURN_TYPE = YES_ERROR;
				GCC_WARN_UNDECLARED_SELECTOR = YES;
				GCC_WARN_UNINITIALIZED_AUTOS = YES_AGGRESSIVE;
				GCC_WARN_UNUSED_FUNCTION = YES;
				GCC_WARN_UNUSED_VARIABLE = YES;
				IPHONEOS_DEPLOYMENT_TARGET = 15.2;
				MTL_ENABLE_DEBUG_INFO = INCLUDE_SOURCE;
				MTL_FAST_MATH = YES;
				ONLY_ACTIVE_ARCH = YES;
				SDKROOT = iphoneos;
				SWIFT_ACTIVE_COMPILATION_CONDITIONS = DEBUG;
				SWIFT_OPTIMIZATION_LEVEL = "-Onone";
			};
			name = Debug;
		};
		8941A5D827933C2E00D5B352 /* Release */ = {
			isa = XCBuildConfiguration;
			buildSettings = {
				ALWAYS_SEARCH_USER_PATHS = NO;
				CLANG_ANALYZER_NONNULL = YES;
				CLANG_ANALYZER_NUMBER_OBJECT_CONVERSION = YES_AGGRESSIVE;
				CLANG_CXX_LANGUAGE_STANDARD = "gnu++17";
				CLANG_CXX_LIBRARY = "libc++";
				CLANG_ENABLE_MODULES = YES;
				CLANG_ENABLE_OBJC_ARC = YES;
				CLANG_ENABLE_OBJC_WEAK = YES;
				CLANG_WARN_BLOCK_CAPTURE_AUTORELEASING = YES;
				CLANG_WARN_BOOL_CONVERSION = YES;
				CLANG_WARN_COMMA = YES;
				CLANG_WARN_CONSTANT_CONVERSION = YES;
				CLANG_WARN_DEPRECATED_OBJC_IMPLEMENTATIONS = YES;
				CLANG_WARN_DIRECT_OBJC_ISA_USAGE = YES_ERROR;
				CLANG_WARN_DOCUMENTATION_COMMENTS = YES;
				CLANG_WARN_EMPTY_BODY = YES;
				CLANG_WARN_ENUM_CONVERSION = YES;
				CLANG_WARN_INFINITE_RECURSION = YES;
				CLANG_WARN_INT_CONVERSION = YES;
				CLANG_WARN_NON_LITERAL_NULL_CONVERSION = YES;
				CLANG_WARN_OBJC_IMPLICIT_RETAIN_SELF = YES;
				CLANG_WARN_OBJC_LITERAL_CONVERSION = YES;
				CLANG_WARN_OBJC_ROOT_CLASS = YES_ERROR;
				CLANG_WARN_QUOTED_INCLUDE_IN_FRAMEWORK_HEADER = YES;
				CLANG_WARN_RANGE_LOOP_ANALYSIS = YES;
				CLANG_WARN_STRICT_PROTOTYPES = YES;
				CLANG_WARN_SUSPICIOUS_MOVE = YES;
				CLANG_WARN_UNGUARDED_AVAILABILITY = YES_AGGRESSIVE;
				CLANG_WARN_UNREACHABLE_CODE = YES;
				CLANG_WARN__DUPLICATE_METHOD_MATCH = YES;
				COPY_PHASE_STRIP = NO;
				DEBUG_INFORMATION_FORMAT = "dwarf-with-dsym";
				ENABLE_NS_ASSERTIONS = NO;
				ENABLE_STRICT_OBJC_MSGSEND = YES;
				GCC_C_LANGUAGE_STANDARD = gnu11;
				GCC_NO_COMMON_BLOCKS = YES;
				GCC_WARN_64_TO_32_BIT_CONVERSION = YES;
				GCC_WARN_ABOUT_RETURN_TYPE = YES_ERROR;
				GCC_WARN_UNDECLARED_SELECTOR = YES;
				GCC_WARN_UNINITIALIZED_AUTOS = YES_AGGRESSIVE;
				GCC_WARN_UNUSED_FUNCTION = YES;
				GCC_WARN_UNUSED_VARIABLE = YES;
				IPHONEOS_DEPLOYMENT_TARGET = 15.2;
				MTL_ENABLE_DEBUG_INFO = NO;
				MTL_FAST_MATH = YES;
				SDKROOT = iphoneos;
				SWIFT_COMPILATION_MODE = wholemodule;
				SWIFT_OPTIMIZATION_LEVEL = "-O";
				VALIDATE_PRODUCT = YES;
			};
			name = Release;
		};
		8941A5DA27933C2E00D5B352 /* Debug */ = {
			isa = XCBuildConfiguration;
			buildSettings = {
				ASSETCATALOG_COMPILER_APPICON_NAME = AppIcon;
				ASSETCATALOG_COMPILER_GLOBAL_ACCENT_COLOR_NAME = AccentColor;
				CODE_SIGN_STYLE = Automatic;
				CURRENT_PROJECT_VERSION = 1;
				DEVELOPMENT_TEAM = P5BAPBZ387;
				GENERATE_INFOPLIST_FILE = YES;
				INFOPLIST_FILE = Container/Info.plist;
				INFOPLIST_KEY_UIApplicationSupportsIndirectInputEvents = YES;
				INFOPLIST_KEY_UILaunchStoryboardName = LaunchScreen;
				INFOPLIST_KEY_UISupportedInterfaceOrientations_iPad = "UIInterfaceOrientationPortrait UIInterfaceOrientationPortraitUpsideDown UIInterfaceOrientationLandscapeLeft UIInterfaceOrientationLandscapeRight";
				INFOPLIST_KEY_UISupportedInterfaceOrientations_iPhone = "UIInterfaceOrientationPortrait UIInterfaceOrientationLandscapeLeft UIInterfaceOrientationLandscapeRight";
				LD_RUNPATH_SEARCH_PATHS = (
					"$(inherited)",
					"@executable_path/Frameworks",
				);
				MARKETING_VERSION = 1.0;
				PRODUCT_BUNDLE_IDENTIFIER = com.evilroot.Container;
				PRODUCT_NAME = "$(TARGET_NAME)";
				SWIFT_EMIT_LOC_STRINGS = YES;
				SWIFT_VERSION = 5.0;
				TARGETED_DEVICE_FAMILY = "1,2";
			};
			name = Debug;
		};
		8941A5DB27933C2E00D5B352 /* Release */ = {
			isa = XCBuildConfiguration;
			buildSettings = {
				ASSETCATALOG_COMPILER_APPICON_NAME = AppIcon;
				ASSETCATALOG_COMPILER_GLOBAL_ACCENT_COLOR_NAME = AccentColor;
				CODE_SIGN_STYLE = Automatic;
				CURRENT_PROJECT_VERSION = 1;
				DEVELOPMENT_TEAM = P5BAPBZ387;
				GENERATE_INFOPLIST_FILE = YES;
				INFOPLIST_FILE = Container/Info.plist;
				INFOPLIST_KEY_UIApplicationSupportsIndirectInputEvents = YES;
				INFOPLIST_KEY_UILaunchStoryboardName = LaunchScreen;
				INFOPLIST_KEY_UISupportedInterfaceOrientations_iPad = "UIInterfaceOrientationPortrait UIInterfaceOrientationPortraitUpsideDown UIInterfaceOrientationLandscapeLeft UIInterfaceOrientationLandscapeRight";
				INFOPLIST_KEY_UISupportedInterfaceOrientations_iPhone = "UIInterfaceOrientationPortrait UIInterfaceOrientationLandscapeLeft UIInterfaceOrientationLandscapeRight";
				LD_RUNPATH_SEARCH_PATHS = (
					"$(inherited)",
					"@executable_path/Frameworks",
				);
				MARKETING_VERSION = 1.0;
				PRODUCT_BUNDLE_IDENTIFIER = com.evilroot.Container;
				PRODUCT_NAME = "$(TARGET_NAME)";
				SWIFT_EMIT_LOC_STRINGS = YES;
				SWIFT_VERSION = 5.0;
				TARGETED_DEVICE_FAMILY = "1,2";
			};
			name = Release;
		};
/* End XCBuildConfiguration section */

/* Begin XCConfigurationList section */
		8941A5C027933C2D00D5B352 /* Build configuration list for PBXProject "Container" */ = {
			isa = XCConfigurationList;
			buildConfigurations = (
				8941A5D727933C2E00D5B352 /* Debug */,
				8941A5D827933C2E00D5B352 /* Release */,
			);
			defaultConfigurationIsVisible = 0;
			defaultConfigurationName = Release;
		};
		8941A5D927933C2E00D5B352 /* Build configuration list for PBXNativeTarget "Container" */ = {
			isa = XCConfigurationList;
			buildConfigurations = (
				8941A5DA27933C2E00D5B352 /* Debug */,
				8941A5DB27933C2E00D5B352 /* Release */,
			);
			defaultConfigurationIsVisible = 0;
			defaultConfigurationName = Release;
		};
/* End XCConfigurationList section */
	};
	rootObject = 8941A5BD27933C2D00D5B352 /* Project object */;
}
